
Microsoft Visual Studio Solution File, Format Version 12.00
# Visual Studio 15
VisualStudioVersion = 15.0.28307.539
MinimumVisualStudioVersion = 10.0.40219.1
Project("{FAE04EC0-301F-11D3-BF4B-00C04F79EFBC}") = "WebApplication5", "WebApplication5\WebApplication5.csproj", "{9714EF33-1929-440B-B6B3-BD915A6DD545}"
EndProject
Project("{FAE04EC0-301F-11D3-BF4B-00C04F79EFBC}") = "BLL", "BLL\BLL.csproj", "{4777D0FA-669E-4738-BEE0-C8C968DAF1AA}"
EndProject
Global
	GlobalSection(SolutionConfigurationPlatforms) = preSolution
		Debug|Any CPU = Debug|Any CPU
		Release|Any CPU = Release|Any CPU
	EndGlobalSection
	GlobalSection(ProjectConfigurationPlatforms) = postSolution
		{9714EF33-1929-440B-B6B3-BD915A6DD545}.Debug|Any CPU.ActiveCfg = Debug|Any CPU
		{9714EF33-1929-440B-B6B3-BD915A6DD545}.Debug|Any CPU.Build.0 = Debug|Any CPU
		{9714EF33-1929-440B-B6B3-BD915A6DD545}.Release|Any CPU.ActiveCfg = Release|Any CPU
		{9714EF33-1929-440B-B6B3-BD915A6DD545}.Release|Any CPU.Build.0 = Release|Any CPU
		{4777D0FA-669E-4738-BEE0-C8C968DAF1AA}.Debug|Any CPU.ActiveCfg = Debug|Any CPU
		{4777D0FA-669E-4738-BEE0-C8C968DAF1AA}.Debug|Any CPU.Build.0 = Debug|Any CPU
		{4777D0FA-669E-4738-BEE0-C8C968DAF1AA}.Release|Any CPU.ActiveCfg = Release|Any CPU
		{4777D0FA-669E-4738-BEE0-C8C968DAF1AA}.Release|Any CPU.Build.0 = Release|Any CPU
	EndGlobalSection
	GlobalSection(SolutionProperties) = preSolution
		HideSolutionNode = FALSE
	EndGlobalSection
	GlobalSection(ExtensibilityGlobals) = postSolution
		SolutionGuid = {3584D0CB-D2C7-4477-BEA1-80A206E28996}
	EndGlobalSection
EndGlobal
